
Microsoft Visual Studio Solution File, Format Version 12.00
# Visual Studio 15
VisualStudioVersion = 15.0.27004.2009
MinimumVisualStudioVersion = 10.0.40219.1
Project("{FAE04EC0-301F-11D3-BF4B-00C04F79EFBC}") = "Csharp  Intro Excercises Section 5", "Csharp  Intro Excercises Section 5\Csharp  Intro Excercises Section 5.csproj", "{886A07B1-7B54-4A55-B1D3-C34BD4AD183D}"
EndProject
Global
	GlobalSection(SolutionConfigurationPlatforms) = preSolution
		Debug|Any CPU = Debug|Any CPU
		Release|Any CPU = Release|Any CPU
	EndGlobalSection
	GlobalSection(ProjectConfigurationPlatforms) = postSolution
		{886A07B1-7B54-4A55-B1D3-C34BD4AD183D}.Debug|Any CPU.ActiveCfg = Debug|Any CPU
		{886A07B1-7B54-4A55-B1D3-C34BD4AD183D}.Debug|Any CPU.Build.0 = Debug|Any CPU
		{886A07B1-7B54-4A55-B1D3-C34BD4AD183D}.Release|Any CPU.ActiveCfg = Release|Any CPU
		{886A07B1-7B54-4A55-B1D3-C34BD4AD183D}.Release|Any CPU.Build.0 = Release|Any CPU
	EndGlobalSection
	GlobalSection(SolutionProperties) = preSolution
		HideSolutionNode = FALSE
	EndGlobalSection
	GlobalSection(ExtensibilityGlobals) = postSolution
		SolutionGuid = {2B1CAABE-61C6-4902-B6C0-029A3BFBA98F}
	EndGlobalSection
EndGlobal
